
Microsoft Visual Studio Solution File, Format Version 12.00
# Visual Studio 15
VisualStudioVersion = 15.0.27130.2027
MinimumVisualStudioVersion = 10.0.40219.1
Project("{8BC9CEB8-8B4A-11D0-8D11-00A0C91BC942}") = "2", "2\2.vcxproj", "{BAC87B8B-0C73-49B1-B39D-A8DE98DB838D}"
EndProject
Global
	GlobalSection(SolutionConfigurationPlatforms) = preSolution
		Debug|x64 = Debug|x64
		Debug|x86 = Debug|x86
		Release|x64 = Release|x64
		Release|x86 = Release|x86
	EndGlobalSection
	GlobalSection(ProjectConfigurationPlatforms) = postSolution
		{BAC87B8B-0C73-49B1-B39D-A8DE98DB838D}.Debug|x64.ActiveCfg = Debug|x64
		{BAC87B8B-0C73-49B1-B39D-A8DE98DB838D}.Debug|x64.Build.0 = Debug|x64
		{BAC87B8B-0C73-49B1-B39D-A8DE98DB838D}.Debug|x86.ActiveCfg = Debug|Win32
		{BAC87B8B-0C73-49B1-B39D-A8DE98DB838D}.Debug|x86.Build.0 = Debug|Win32
		{BAC87B8B-0C73-49B1-B39D-A8DE98DB838D}.Release|x64.ActiveCfg = Release|x64
		{BAC87B8B-0C73-49B1-B39D-A8DE98DB838D}.Release|x64.Build.0 = Release|x64
		{BAC87B8B-0C73-49B1-B39D-A8DE98DB838D}.Release|x86.ActiveCfg = Release|Win32
		{BAC87B8B-0C73-49B1-B39D-A8DE98DB838D}.Release|x86.Build.0 = Release|Win32
	EndGlobalSection
	GlobalSection(SolutionProperties) = preSolution
		HideSolutionNode = FALSE
	EndGlobalSection
	GlobalSection(ExtensibilityGlobals) = postSolution
		SolutionGuid = {11755AA8-62CA-4C6B-85F8-BBCEF03217B3}
	EndGlobalSection
EndGlobal
